
Microsoft Visual Studio Solution File, Format Version 12.00
# Visual Studio Version 16
VisualStudioVersion = 16.0.29424.173
MinimumVisualStudioVersion = 10.0.40219.1
Project("{FAE04EC0-301F-11D3-BF4B-00C04F79EFBC}") = "HTML5NumberGame", "HTML5NumberGame\HTML5NumberGame.csproj", "{B79F733D-F2A0-400F-BBD7-F412DA02D579}"
EndProject
Global
	GlobalSection(SolutionConfigurationPlatforms) = preSolution
		Debug|Any CPU = Debug|Any CPU
		Release|Any CPU = Release|Any CPU
	EndGlobalSection
	GlobalSection(ProjectConfigurationPlatforms) = postSolution
		{B79F733D-F2A0-400F-BBD7-F412DA02D579}.Debug|Any CPU.ActiveCfg = Debug|Any CPU
		{B79F733D-F2A0-400F-BBD7-F412DA02D579}.Debug|Any CPU.Build.0 = Debug|Any CPU
		{B79F733D-F2A0-400F-BBD7-F412DA02D579}.Release|Any CPU.ActiveCfg = Release|Any CPU
		{B79F733D-F2A0-400F-BBD7-F412DA02D579}.Release|Any CPU.Build.0 = Release|Any CPU
	EndGlobalSection
	GlobalSection(SolutionProperties) = preSolution
		HideSolutionNode = FALSE
	EndGlobalSection
	GlobalSection(ExtensibilityGlobals) = postSolution
		SolutionGuid = {DC99EC6F-0665-4819-8905-2778BB028978}
	EndGlobalSection
EndGlobal
